
Microsoft Visual Studio Solution File, Format Version 12.00
# Visual Studio 15
VisualStudioVersion = 15.0.27428.2027
MinimumVisualStudioVersion = 10.0.40219.1
Project("{151D2E53-A2C4-4D7D-83FE-D05416EBD58E}") = "VismaARMdemo", "AzureResourceGroup11\VismaARMdemo.deployproj", "{62837F4E-3304-475F-9458-8904ECE4FEC5}"
EndProject
Global
	GlobalSection(SolutionConfigurationPlatforms) = preSolution
		Debug|Any CPU = Debug|Any CPU
		Release|Any CPU = Release|Any CPU
	EndGlobalSection
	GlobalSection(ProjectConfigurationPlatforms) = postSolution
		{62837F4E-3304-475F-9458-8904ECE4FEC5}.Debug|Any CPU.ActiveCfg = Debug|Any CPU
		{62837F4E-3304-475F-9458-8904ECE4FEC5}.Debug|Any CPU.Build.0 = Debug|Any CPU
		{62837F4E-3304-475F-9458-8904ECE4FEC5}.Release|Any CPU.ActiveCfg = Release|Any CPU
		{62837F4E-3304-475F-9458-8904ECE4FEC5}.Release|Any CPU.Build.0 = Release|Any CPU
	EndGlobalSection
	GlobalSection(SolutionProperties) = preSolution
		HideSolutionNode = FALSE
	EndGlobalSection
	GlobalSection(ExtensibilityGlobals) = postSolution
		SolutionGuid = {AA212C09-109D-4C1A-940F-2751B9B403A7}
	EndGlobalSection
EndGlobal
